
Microsoft Visual Studio Solution File, Format Version 12.00
# Visual Studio Version 17
VisualStudioVersion = 17.8.34525.116
MinimumVisualStudioVersion = 10.0.40219.1
Project("{FAE04EC0-301F-11D3-BF4B-00C04F79EFBC}") = "E_Commerce&Api", "E_Commerce&Api\E_Commerce&Api.csproj", "{AAE1A316-4D77-4955-B3F4-8A48A79AC7C2}"
EndProject
Project("{FAE04EC0-301F-11D3-BF4B-00C04F79EFBC}") = "Models", "Models\Models.csproj", "{00FD0F53-9A78-43AD-AA8B-C29DCA7171E6}"
EndProject
Project("{FAE04EC0-301F-11D3-BF4B-00C04F79EFBC}") = "WEP_API", "WEP_API\WEP_API.csproj", "{B60F708C-2BE4-4CA4-9A6A-8F7E40B6FC13}"
EndProject
Global
	GlobalSection(SolutionConfigurationPlatforms) = preSolution
		Debug|Any CPU = Debug|Any CPU
		Release|Any CPU = Release|Any CPU
	EndGlobalSection
	GlobalSection(ProjectConfigurationPlatforms) = postSolution
		{AAE1A316-4D77-4955-B3F4-8A48A79AC7C2}.Debug|Any CPU.ActiveCfg = Debug|Any CPU
		{AAE1A316-4D77-4955-B3F4-8A48A79AC7C2}.Debug|Any CPU.Build.0 = Debug|Any CPU
		{AAE1A316-4D77-4955-B3F4-8A48A79AC7C2}.Release|Any CPU.ActiveCfg = Release|Any CPU
		{AAE1A316-4D77-4955-B3F4-8A48A79AC7C2}.Release|Any CPU.Build.0 = Release|Any CPU
		{00FD0F53-9A78-43AD-AA8B-C29DCA7171E6}.Debug|Any CPU.ActiveCfg = Debug|Any CPU
		{00FD0F53-9A78-43AD-AA8B-C29DCA7171E6}.Debug|Any CPU.Build.0 = Debug|Any CPU
		{00FD0F53-9A78-43AD-AA8B-C29DCA7171E6}.Release|Any CPU.ActiveCfg = Release|Any CPU
		{00FD0F53-9A78-43AD-AA8B-C29DCA7171E6}.Release|Any CPU.Build.0 = Release|Any CPU
		{B60F708C-2BE4-4CA4-9A6A-8F7E40B6FC13}.Debug|Any CPU.ActiveCfg = Debug|Any CPU
		{B60F708C-2BE4-4CA4-9A6A-8F7E40B6FC13}.Debug|Any CPU.Build.0 = Debug|Any CPU
		{B60F708C-2BE4-4CA4-9A6A-8F7E40B6FC13}.Release|Any CPU.ActiveCfg = Release|Any CPU
		{B60F708C-2BE4-4CA4-9A6A-8F7E40B6FC13}.Release|Any CPU.Build.0 = Release|Any CPU
	EndGlobalSection
	GlobalSection(SolutionProperties) = preSolution
		HideSolutionNode = FALSE
	EndGlobalSection
	GlobalSection(ExtensibilityGlobals) = postSolution
		SolutionGuid = {8A330C69-0037-42D6-B07F-C3A5C3EA5904}
	EndGlobalSection
EndGlobal
